
Microsoft Visual Studio Solution File, Format Version 12.00
# Visual Studio Version 17
VisualStudioVersion = 17.5.002.0
MinimumVisualStudioVersion = 10.0.40219.1
Project("{9A19103F-16F7-4668-BE54-9A1E7A4F7556}") = "LinguaNex.Blazor", "LinguaNex.Blazor.csproj", "{A32BC0F6-5183-4B2F-9A94-F343C50BCD60}"
EndProject
Global
	GlobalSection(SolutionConfigurationPlatforms) = preSolution
		Debug|Any CPU = Debug|Any CPU
		Release|Any CPU = Release|Any CPU
	EndGlobalSection
	GlobalSection(ProjectConfigurationPlatforms) = postSolution
		{A32BC0F6-5183-4B2F-9A94-F343C50BCD60}.Debug|Any CPU.ActiveCfg = Debug|Any CPU
		{A32BC0F6-5183-4B2F-9A94-F343C50BCD60}.Debug|Any CPU.Build.0 = Debug|Any CPU
		{A32BC0F6-5183-4B2F-9A94-F343C50BCD60}.Release|Any CPU.ActiveCfg = Release|Any CPU
		{A32BC0F6-5183-4B2F-9A94-F343C50BCD60}.Release|Any CPU.Build.0 = Release|Any CPU
	EndGlobalSection
	GlobalSection(SolutionProperties) = preSolution
		HideSolutionNode = FALSE
	EndGlobalSection
	GlobalSection(ExtensibilityGlobals) = postSolution
		SolutionGuid = {EC817A68-81CF-4CAB-8270-552FC2B1E06E}
	EndGlobalSection
EndGlobal
